schema: '2.0'
stages:
  data_ingestion:
    cmd: python src/data/data_ingestion.py
    deps:
    - path: src/data/data_ingestion.py
      hash: md5
      md5: 8ef237780fe731d8e88383cbc210fc1f
      size: 3404
    outs:
    - path: data/raw/test.csv
      hash: md5
      md5: 00e92fbd32276319d5b2efb0c047cd51
      size: 248475
    - path: data/raw/train.csv
      hash: md5
      md5: 0b51c9a20421c5215654dc30eb0cb163
      size: 579498
  data_preprocessing:
    cmd: python src/data/data_preprocessing.py
    deps:
    - path: data/raw/test.csv
      hash: md5
      md5: 00e92fbd32276319d5b2efb0c047cd51
      size: 248475
    - path: data/raw/train.csv
      hash: md5
      md5: 0b51c9a20421c5215654dc30eb0cb163
      size: 579498
    - path: src/data/data_preprocessing.py
      hash: md5
      md5: a683ff651d2f50bb0bd336c4dc1616ca
      size: 4717
    outs:
    - path: data/processed/test.csv
      hash: md5
      md5: 77e002c6632d604c0bfd70d9b845847e
      size: 169992
    - path: data/processed/train.csv
      hash: md5
      md5: c91070b226cb06f9b54abdf85ebb2cd4
      size: 396218
  feature_engg:
    cmd: python src/features/feature_engg.py
    deps:
    - path: data\processed\test.csv
      hash: md5
      md5: 77e002c6632d604c0bfd70d9b845847e
      size: 169992
    - path: data\processed\train.csv
      hash: md5
      md5: c91070b226cb06f9b54abdf85ebb2cd4
      size: 396218
    - path: src\features\feature_engg.py
      hash: md5
      md5: dae9d7dbb30759bd8e2d58ec4003ff4d
      size: 3981
    outs:
    - path: data\interim\train.csv
      hash: md5
      md5: ffaa17764e3bd29777e64969606493e0
      size: 2200277
  modelling:
    cmd: python src\models\modelling.py
    deps:
    - path: data\interim\train.csv
      hash: md5
      md5: ffaa17764e3bd29777e64969606493e0
      size: 2200277
    - path: src\models\modelling.py
      hash: md5
      md5: 0cdaaf39923cf5aec3f97e96351d5351
      size: 2799
    outs:
    - path: models\random_forest_model.pkl
      hash: md5
      md5: 94185f5ad0b91f86aab6ea6312b86242
      size: 1010959
  model_evaluation:
    cmd: python src\models\model_evalution.py
    deps:
    - path: data/interim/test_bow.csv
      hash: md5
      md5: fa00e22d6b682ad67a0cdc10b18423f5
      size: 943433
    - path: models/random_forest_model.pkl
      hash: md5
      md5: 94185f5ad0b91f86aab6ea6312b86242
      size: 1010959
    - path: src\models\model_evalution.py
      hash: md5
      md5: f39b71c66a5bfe85a7df8c50ab6e7019
      size: 2860
    outs:
    - path: reports/evalution_metrics.json
      hash: md5
      md5: d91f6eeb90a7a62b534d3d1b92c844be
      size: 148
